{
  "name": "maps",
  "lockfileVersion": 2,
  "requires": true,
  "packages": {
    "": {
      "dependencies": {
        "@types/google.maps": "^3.47.3"
      },
      "devDependencies": {
        "@faker-js/faker": "^6.0.0-alpha.3",
        "@types/faker": "^6.6.9",
        "typescript": "^4.5.5"
      }
    },
    "node_modules/@faker-js/faker": {
      "version": "6.0.0-alpha.3",
      "resolved": "https://registry.npmjs.org/@faker-js/faker/-/faker-6.0.0-alpha.3.tgz",
      "integrity": "sha512-8B+7Jlwb9ogcoluzxB6AaSRZn2gnoewTA/WygAYhWNxkrFKjQL0TDXK6AW6uJlASMKl7qG/qbEVtpjLByuL0ZQ==",
      "dev": true
    },
    "node_modules/@types/faker": {
      "version": "6.6.9",
      "resolved": "https://registry.npmjs.org/@types/faker/-/faker-6.6.9.tgz",
      "integrity": "sha512-Y9YYm5L//8ooiiknO++4Gr539zzdI0j3aXnOBjo1Vk+kTvffY10GuE2wn78AFPECwZ5MYGTjiDVw1naLLdDimw==",
      "deprecated": "This is a stub types definition. faker provides its own type definitions, so you do not need this installed.",
      "dev": true,
      "dependencies": {
        "faker": "*"
      }
    },
    "node_modules/@types/google.maps": {
      "version": "3.47.3",
      "resolved": "https://registry.npmjs.org/@types/google.maps/-/google.maps-3.47.3.tgz",
      "integrity": "sha512-BF/BzpO0LWiwR/bBoGVriy7e2n+syuGNQMQ0r/+GtisUcgKn9P7Z4rmLNmZko9niE8JJ5dpMkxHeen7gADlNaw=="
    },
    "node_modules/faker": {
      "version": "6.6.6",
      "resolved": "https://registry.npmjs.org/faker/-/faker-6.6.6.tgz",
      "integrity": "sha512-9tCqYEDHI5RYFQigXFwF1hnCwcWCOJl/hmll0lr5D2Ljjb0o4wphb69wikeJDz5qCEzXCoPvG6ss5SDP6IfOdg==",
      "dev": true
    },
    "node_modules/typescript": {
      "version": "4.5.5",
      "resolved": "https://registry.npmjs.org/typescript/-/typescript-4.5.5.tgz",
      "integrity": "sha512-TCTIul70LyWe6IJWT8QSYeA54WQe8EjQFU4wY52Fasj5UKx88LNYKCgBEHcOMOrFF1rKGbD8v/xcNWVUq9SymA==",
      "dev": true,
      "bin": {
        "tsc": "bin/tsc",
        "tsserver": "bin/tsserver"
      },
      "engines": {
        "node": ">=4.2.0"
      }
    }
  },
  "dependencies": {
    "@faker-js/faker": {
      "version": "6.0.0-alpha.3",
      "resolved": "https://registry.npmjs.org/@faker-js/faker/-/faker-6.0.0-alpha.3.tgz",
      "integrity": "sha512-8B+7Jlwb9ogcoluzxB6AaSRZn2gnoewTA/WygAYhWNxkrFKjQL0TDXK6AW6uJlASMKl7qG/qbEVtpjLByuL0ZQ==",
      "dev": true
    },
    "@types/faker": {
      "version": "6.6.9",
      "resolved": "https://registry.npmjs.org/@types/faker/-/faker-6.6.9.tgz",
      "integrity": "sha512-Y9YYm5L//8ooiiknO++4Gr539zzdI0j3aXnOBjo1Vk+kTvffY10GuE2wn78AFPECwZ5MYGTjiDVw1naLLdDimw==",
      "dev": true,
      "requires": {
        "faker": "*"
      }
    },
    "@types/google.maps": {
      "version": "3.47.3",
      "resolved": "https://registry.npmjs.org/@types/google.maps/-/google.maps-3.47.3.tgz",
      "integrity": "sha512-BF/BzpO0LWiwR/bBoGVriy7e2n+syuGNQMQ0r/+GtisUcgKn9P7Z4rmLNmZko9niE8JJ5dpMkxHeen7gADlNaw=="
    },
    "faker": {
      "version": "6.6.6",
      "resolved": "https://registry.npmjs.org/faker/-/faker-6.6.6.tgz",
      "integrity": "sha512-9tCqYEDHI5RYFQigXFwF1hnCwcWCOJl/hmll0lr5D2Ljjb0o4wphb69wikeJDz5qCEzXCoPvG6ss5SDP6IfOdg==",
      "dev": true
    },
    "typescript": {
      "version": "4.5.5",
      "resolved": "https://registry.npmjs.org/typescript/-/typescript-4.5.5.tgz",
      "integrity": "sha512-TCTIul70LyWe6IJWT8QSYeA54WQe8EjQFU4wY52Fasj5UKx88LNYKCgBEHcOMOrFF1rKGbD8v/xcNWVUq9SymA==",
      "dev": true
    }
  }
}
